# This file is automatically @generated by Cargo.
# It is not intended for manual editing.
version = 4

[[package]]
name = "ptf-common"
version = "0.1.0"

[[package]]
name = "ptf-factory"
version = "0.1.0"
dependencies = [
 "ptf-common",
]

[[package]]
name = "ptf-pool"
version = "0.1.0"
dependencies = [
 "ptf-common",
 "ptf-vault",
]

[[package]]
name = "ptf-vault"
version = "0.1.0"
dependencies = [
 "ptf-common",
]

[[package]]
name = "ptf-verifier-groth16"
version = "0.1.0"
